// !$*UTF8*$!
{
	archiveVersion = 1;
	classes = {
	};
	objectVersion = 50;
	objects = {

/* Begin PBXBuildFile section */
		45D349E620B7DC7800C36C18 /* AppDelegate.swift in Sources */ = {isa = PBXBuildFile; fileRef = 45D349E520B7DC7800C36C18 /* AppDelegate.swift */; };
		45D349E820B7DC7800C36C18 /* ViewController.swift in Sources */ = {isa = PBXBuildFile; fileRef = 45D349E720B7DC7800C36C18 /* ViewController.swift */; };
		45D349EB20B7DC7900C36C18 /* Main.storyboard in Resources */ = {isa = PBXBuildFile; fileRef = 45D349E920B7DC7900C36C18 /* Main.storyboard */; };
		45D349ED20B7DCB100C36C18 /* Assets.xcassets in Resources */ = {isa = PBXBuildFile; fileRef = 45D349EC20B7DCB100C36C18 /* Assets.xcassets */; };
		45D349F020B7DCB200C36C18 /* LaunchScreen.storyboard in Resources */ = {isa = PBXBuildFile; fileRef = 45D349EE20B7DCB200C36C18 /* LaunchScreen.storyboard */; };
		45D349FB20B7DCB700C36C18 /* DemoDrawerTests.swift in Sources */ = {isa = PBXBuildFile; fileRef = 45D349FA20B7DCB700C36C18 /* DemoDrawerTests.swift */; };
		45D34A0620B7DCB700C36C18 /* DemoDrawerUITests.swift in Sources */ = {isa = PBXBuildFile; fileRef = 45D34A0520B7DCB700C36C18 /* DemoDrawerUITests.swift */; };
		45D34A1520B7E06D00C36C18 /* DrawerViewController.swift in Sources */ = {isa = PBXBuildFile; fileRef = 45D34A1320B7E06A00C36C18 /* DrawerViewController.swift */; };
		45D34A1620B7E06D00C36C18 /* SliderLibViewController.swift in Sources */ = {isa = PBXBuildFile; fileRef = 45D34A1420B7E06C00C36C18 /* SliderLibViewController.swift */; };
		45D34A1820B7EA8200C36C18 /* DashboardViewController.swift in Sources */ = {isa = PBXBuildFile; fileRef = 45D34A1720B7EA8200C36C18 /* DashboardViewController.swift */; };
/* End PBXBuildFile section */

/* Begin PBXContainerItemProxy section */
		45D349F720B7DCB700C36C18 /* PBXContainerItemProxy */ = {
			isa = PBXContainerItemProxy;
			containerPortal = 45D349DA20B7DC7800C36C18 /* Project object */;
			proxyType = 1;
			remoteGlobalIDString = 45D349E120B7DC7800C36C18;
			remoteInfo = DemoDrawer;
		};
		45D34A0220B7DCB700C36C18 /* PBXContainerItemProxy */ = {
			isa = PBXContainerItemProxy;
			containerPortal = 45D349DA20B7DC7800C36C18 /* Project object */;
			proxyType = 1;
			remoteGlobalIDString = 45D349E120B7DC7800C36C18;
			remoteInfo = DemoDrawer;
		};
/* End PBXContainerItemProxy section */

/* Begin PBXFileReference section */
		45D349E220B7DC7800C36C18 /* DemoDrawer.app */ = {isa = PBXFileReference; explicitFileType = wrapper.application; includeInIndex = 0; path = DemoDrawer.app; sourceTree = BUILT_PRODUCTS_DIR; };
		45D349E520B7DC7800C36C18 /* AppDelegate.swift */ = {isa = PBXFileReference; lastKnownFileType = sourcecode.swift; path = AppDelegate.swift; sourceTree = "<group>"; };
		45D349E720B7DC7800C36C18 /* ViewController.swift */ = {isa = PBXFileReference; lastKnownFileType = sourcecode.swift; path = ViewController.swift; sourceTree = "<group>"; };
		45D349EA20B7DC7900C36C18 /* Base */ = {isa = PBXFileReference; lastKnownFileType = file.storyboard; name = Base; path = Base.lproj/Main.storyboard; sourceTree = "<group>"; };
		45D349EC20B7DCB100C36C18 /* Assets.xcassets */ = {isa = PBXFileReference; lastKnownFileType = folder.assetcatalog; path = Assets.xcassets; sourceTree = "<group>"; };
		45D349EF20B7DCB200C36C18 /* Base */ = {isa = PBXFileReference; lastKnownFileType = file.storyboard; name = Base; path = Base.lproj/LaunchScreen.storyboard; sourceTree = "<group>"; };
		45D349F120B7DCB200C36C18 /* Info.plist */ = {isa = PBXFileReference; lastKnownFileType = text.plist.xml; path = Info.plist; sourceTree = "<group>"; };
		45D349F620B7DCB700C36C18 /* DemoDrawerTests.xctest */ = {isa = PBXFileReference; explicitFileType = wrapper.cfbundle; includeInIndex = 0; path = DemoDrawerTests.xctest; sourceTree = BUILT_PRODUCTS_DIR; };
		45D349FA20B7DCB700C36C18 /* DemoDrawerTests.swift */ = {isa = PBXFileReference; lastKnownFileType = sourcecode.swift; path = DemoDrawerTests.swift; sourceTree = "<group>"; };
		45D349FC20B7DCB700C36C18 /* Info.plist */ = {isa = PBXFileReference; lastKnownFileType = text.plist.xml; path = Info.plist; sourceTree = "<group>"; };
		45D34A0120B7DCB700C36C18 /* DemoDrawerUITests.xctest */ = {isa = PBXFileReference; explicitFileType = wrapper.cfbundle; includeInIndex = 0; path = DemoDrawerUITests.xctest; sourceTree = BUILT_PRODUCTS_DIR; };
		45D34A0520B7DCB700C36C18 /* DemoDrawerUITests.swift */ = {isa = PBXFileReference; lastKnownFileType = sourcecode.swift; path = DemoDrawerUITests.swift; sourceTree = "<group>"; };
		45D34A0720B7DCB700C36C18 /* Info.plist */ = {isa = PBXFileReference; lastKnownFileType = text.plist.xml; path = Info.plist; sourceTree = "<group>"; };
		45D34A1320B7E06A00C36C18 /* DrawerViewController.swift */ = {isa = PBXFileReference; fileEncoding = 4; lastKnownFileType = sourcecode.swift; path = DrawerViewController.swift; sourceTree = "<group>"; };
		45D34A1420B7E06C00C36C18 /* SliderLibViewController.swift */ = {isa = PBXFileReference; fileEncoding = 4; lastKnownFileType = sourcecode.swift; path = SliderLibViewController.swift; sourceTree = "<group>"; };
		45D34A1720B7EA8200C36C18 /* DashboardViewController.swift */ = {isa = PBXFileReference; lastKnownFileType = sourcecode.swift; path = DashboardViewController.swift; sourceTree = "<group>"; };
/* End PBXFileReference section */

/* Begin PBXFrameworksBuildPhase section */
		45D349DF20B7DC7800C36C18 /* Frameworks */ = {
			isa = PBXFrameworksBuildPhase;
			buildActionMask = 2147483647;
			files = (
			);
			runOnlyForDeploymentPostprocessing = 0;
		};
		45D349F320B7DCB700C36C18 /* Frameworks */ = {
			isa = PBXFrameworksBuildPhase;
			buildActionMask = 2147483647;
			files = (
			);
			runOnlyForDeploymentPostprocessing = 0;
		};
		45D349FE20B7DCB700C36C18 /* Frameworks */ = {
			isa = PBXFrameworksBuildPhase;
			buildActionMask = 2147483647;
			files = (
			);
			runOnlyForDeploymentPostprocessing = 0;
		};
/* End PBXFrameworksBuildPhase section */

/* Begin PBXGroup section */
		45D349D920B7DC7800C36C18 = {
			isa = PBXGroup;
			children = (
				45D349E420B7DC7800C36C18 /* DemoDrawer */,
				45D349F920B7DCB700C36C18 /* DemoDrawerTests */,
				45D34A0420B7DCB700C36C18 /* DemoDrawerUITests */,
				45D349E320B7DC7800C36C18 /* Products */,
			);
			sourceTree = "<group>";
		};
		45D349E320B7DC7800C36C18 /* Products */ = {
			isa = PBXGroup;
			children = (
				45D349E220B7DC7800C36C18 /* DemoDrawer.app */,
				45D349F620B7DCB700C36C18 /* DemoDrawerTests.xctest */,
				45D34A0120B7DCB700C36C18 /* DemoDrawerUITests.xctest */,
			);
			name = Products;
			sourceTree = "<group>";
		};
		45D349E420B7DC7800C36C18 /* DemoDrawer */ = {
			isa = PBXGroup;
			children = (
				45D349E520B7DC7800C36C18 /* AppDelegate.swift */,
				45D349E720B7DC7800C36C18 /* ViewController.swift */,
				45D34A1320B7E06A00C36C18 /* DrawerViewController.swift */,
				45D34A1420B7E06C00C36C18 /* SliderLibViewController.swift */,
				45D34A1720B7EA8200C36C18 /* DashboardViewController.swift */,
				45D349E920B7DC7900C36C18 /* Main.storyboard */,
				45D349EC20B7DCB100C36C18 /* Assets.xcassets */,
				45D349EE20B7DCB200C36C18 /* LaunchScreen.storyboard */,
				45D349F120B7DCB200C36C18 /* Info.plist */,
			);
			path = DemoDrawer;
			sourceTree = "<group>";
		};
		45D349F920B7DCB700C36C18 /* DemoDrawerTests */ = {
			isa = PBXGroup;
			children = (
				45D349FA20B7DCB700C36C18 /* DemoDrawerTests.swift */,
				45D349FC20B7DCB700C36C18 /* Info.plist */,
			);
			path = DemoDrawerTests;
			sourceTree = "<group>";
		};
		45D34A0420B7DCB700C36C18 /* DemoDrawerUITests */ = {
			isa = PBXGroup;
			children = (
				45D34A0520B7DCB700C36C18 /* DemoDrawerUITests.swift */,
				45D34A0720B7DCB700C36C18 /* Info.plist */,
			);
			path = DemoDrawerUITests;
			sourceTree = "<group>";
		};
/* End PBXGroup section */

/* Begin PBXNativeTarget section */
		45D349E120B7DC7800C36C18 /* DemoDrawer */ = {
			isa = PBXNativeTarget;
			buildConfigurationList = 45D34A0A20B7DCB700C36C18 /* Build configuration list for PBXNativeTarget "DemoDrawer" */;
			buildPhases = (
				45D349DE20B7DC7800C36C18 /* Sources */,
				45D349DF20B7DC7800C36C18 /* Frameworks */,
				45D349E020B7DC7800C36C18 /* Resources */,
			);
			buildRules = (
			);
			dependencies = (
			);
			name = DemoDrawer;
			productName = DemoDrawer;
			productReference = 45D349E220B7DC7800C36C18 /* DemoDrawer.app */;
			productType = "com.apple.product-type.application";
		};
		45D349F520B7DCB700C36C18 /* DemoDrawerTests */ = {
			isa = PBXNativeTarget;
			buildConfigurationList = 45D34A0D20B7DCB700C36C18 /* Build configuration list for PBXNativeTarget "DemoDrawerTests" */;
			buildPhases = (
				45D349F220B7DCB700C36C18 /* Sources */,
				45D349F320B7DCB700C36C18 /* Frameworks */,
				45D349F420B7DCB700C36C18 /* Resources */,
			);
			buildRules = (
			);
			dependencies = (
				45D349F820B7DCB700C36C18 /* PBXTargetDependency */,
			);
			name = DemoDrawerTests;
			productName = DemoDrawerTests;
			productReference = 45D349F620B7DCB700C36C18 /* DemoDrawerTests.xctest */;
			productType = "com.apple.product-type.bundle.unit-test";
		};
		45D34A0020B7DCB700C36C18 /* DemoDrawerUITests */ = {
			isa = PBXNativeTarget;
			buildConfigurationList = 45D34A1020B7DCB700C36C18 /* Build configuration list for PBXNativeTarget "DemoDrawerUITests" */;
			buildPhases = (
				45D349FD20B7DCB700C36C18 /* Sources */,
				45D349FE20B7DCB700C36C18 /* Frameworks */,
				45D349FF20B7DCB700C36C18 /* Resources */,
			);
			buildRules = (
			);
			dependencies = (
				45D34A0320B7DCB700C36C18 /* PBXTargetDependency */,
			);
			name = DemoDrawerUITests;
			productName = DemoDrawerUITests;
			productReference = 45D34A0120B7DCB700C36C18 /* DemoDrawerUITests.xctest */;
			productType = "com.apple.product-type.bundle.ui-testing";
		};
/* End PBXNativeTarget section */

/* Begin PBXProject section */
		45D349DA20B7DC7800C36C18 /* Project object */ = {
			isa = PBXProject;
			attributes = {
				LastSwiftUpdateCheck = 0930;
				LastUpgradeCheck = 0930;
				ORGANIZATIONNAME = iExemplar;
				TargetAttributes = {
					45D349E120B7DC7800C36C18 = {
						CreatedOnToolsVersion = 9.3;
					};
					45D349F520B7DCB700C36C18 = {
						CreatedOnToolsVersion = 9.3;
						TestTargetID = 45D349E120B7DC7800C36C18;
					};
					45D34A0020B7DCB700C36C18 = {
						CreatedOnToolsVersion = 9.3;
						TestTargetID = 45D349E120B7DC7800C36C18;
					};
				};
			};
			buildConfigurationList = 45D349DD20B7DC7800C36C18 /* Build configuration list for PBXProject "DemoDrawer" */;
			compatibilityVersion = "Xcode 9.3";
			developmentRegion = en;
			hasScannedForEncodings = 0;
			knownRegions = (
				en,
				Base,
			);
			mainGroup = 45D349D920B7DC7800C36C18;
			productRefGroup = 45D349E320B7DC7800C36C18 /* Products */;
			projectDirPath = "";
			projectRoot = "";
			targets = (
				45D349E120B7DC7800C36C18 /* DemoDrawer */,
				45D349F520B7DCB700C36C18 /* DemoDrawerTests */,
				45D34A0020B7DCB700C36C18 /* DemoDrawerUITests */,
			);
		};
/* End PBXProject section */

/* Begin PBXResourcesBuildPhase section */
		45D349E020B7DC7800C36C18 /* Resources */ = {
			isa = PBXResourcesBuildPhase;
			buildActionMask = 2147483647;
			files = (
				45D349F020B7DCB200C36C18 /* LaunchScreen.storyboard in Resources */,
				45D349ED20B7DCB100C36C18 /* Assets.xcassets in Resources */,
				45D349EB20B7DC7900C36C18 /* Main.storyboard in Resources */,
			);
			runOnlyForDeploymentPostprocessing = 0;
		};
		45D349F420B7DCB700C36C18 /* Resources */ = {
			isa = PBXResourcesBuildPhase;
			buildActionMask = 2147483647;
			files = (
			);
			runOnlyForDeploymentPostprocessing = 0;
		};
		45D349FF20B7DCB700C36C18 /* Resources */ = {
			isa = PBXResourcesBuildPhase;
			buildActionMask = 2147483647;
			files = (
			);
			runOnlyForDeploymentPostprocessing = 0;
		};
/* End PBXResourcesBuildPhase section */

/* Begin PBXSourcesBuildPhase section */
		45D349DE20B7DC7800C36C18 /* Sources */ = {
			isa = PBXSourcesBuildPhase;
			buildActionMask = 2147483647;
			files = (
				45D349E820B7DC7800C36C18 /* ViewController.swift in Sources */,
				45D34A1620B7E06D00C36C18 /* SliderLibViewController.swift in Sources */,
				45D34A1820B7EA8200C36C18 /* DashboardViewController.swift in Sources */,
				45D349E620B7DC7800C36C18 /* AppDelegate.swift in Sources */,
				45D34A1520B7E06D00C36C18 /* DrawerViewController.swift in Sources */,
			);
			runOnlyForDeploymentPostprocessing = 0;
		};
		45D349F220B7DCB700C36C18 /* Sources */ = {
			isa = PBXSourcesBuildPhase;
			buildActionMask = 2147483647;
			files = (
				45D349FB20B7DCB700C36C18 /* DemoDrawerTests.swift in Sources */,
			);
			runOnlyForDeploymentPostprocessing = 0;
		};
		45D349FD20B7DCB700C36C18 /* Sources */ = {
			isa = PBXSourcesBuildPhase;
			buildActionMask = 2147483647;
			files = (
				45D34A0620B7DCB700C36C18 /* DemoDrawerUITests.swift in Sources */,
			);
			runOnlyForDeploymentPostprocessing = 0;
		};
/* End PBXSourcesBuildPhase section */

/* Begin PBXTargetDependency section */
		45D349F820B7DCB700C36C18 /* PBXTargetDependency */ = {
			isa = PBXTargetDependency;
			target = 45D349E120B7DC7800C36C18 /* DemoDrawer */;
			targetProxy = 45D349F720B7DCB700C36C18 /* PBXContainerItemProxy */;
		};
		45D34A0320B7DCB700C36C18 /* PBXTargetDependency */ = {
			isa = PBXTargetDependency;
			target = 45D349E120B7DC7800C36C18 /* DemoDrawer */;
			targetProxy = 45D34A0220B7DCB700C36C18 /* PBXContainerItemProxy */;
		};
/* End PBXTargetDependency section */

/* Begin PBXVariantGroup section */
		45D349E920B7DC7900C36C18 /* Main.storyboard */ = {
			isa = PBXVariantGroup;
			children = (
				45D349EA20B7DC7900C36C18 /* Base */,
			);
			name = Main.storyboard;
			sourceTree = "<group>";
		};
		45D349EE20B7DCB200C36C18 /* LaunchScreen.storyboard */ = {
			isa = PBXVariantGroup;
			children = (
				45D349EF20B7DCB200C36C18 /* Base */,
			);
			name = LaunchScreen.storyboard;
			sourceTree = "<group>";
		};
/* End PBXVariantGroup section */

/* Begin XCBuildConfiguration section */
		45D34A0820B7DCB700C36C18 /* Debug */ = {
			isa = XCBuildConfiguration;
			buildSettings = {
				ALWAYS_SEARCH_USER_PATHS = NO;
				CLANG_ANALYZER_NONNULL = YES;
				CLANG_ANALYZER_NUMBER_OBJECT_CONVERSION = YES_AGGRESSIVE;
				CLANG_CXX_LANGUAGE_STANDARD = "gnu++14";
				CLANG_CXX_LIBRARY = "libc++";
				CLANG_ENABLE_MODULES = YES;
				CLANG_ENABLE_OBJC_ARC = YES;
				CLANG_ENABLE_OBJC_WEAK = YES;
				CLANG_WARN_BLOCK_CAPTURE_AUTORELEASING = YES;
				CLANG_WARN_BOOL_CONVERSION = YES;
				CLANG_WARN_COMMA = YES;
				CLANG_WARN_CONSTANT_CONVERSION = YES;
				CLANG_WARN_DEPRECATED_OBJC_IMPLEMENTATIONS = YES;
				CLANG_WARN_DIRECT_OBJC_ISA_USAGE = YES_ERROR;
				CLANG_WARN_DOCUMENTATION_COMMENTS = YES;
				CLANG_WARN_EMPTY_BODY = YES;
				CLANG_WARN_ENUM_CONVERSION = YES;
				CLANG_WARN_INFINITE_RECURSION = YES;
				CLANG_WARN_INT_CONVERSION = YES;
				CLANG_WARN_NON_LITERAL_NULL_CONVERSION = YES;
				CLANG_WARN_OBJC_IMPLICIT_RETAIN_SELF = YES;
				CLANG_WARN_OBJC_LITERAL_CONVERSION = YES;
				CLANG_WARN_OBJC_ROOT_CLASS = YES_ERROR;
				CLANG_WARN_RANGE_LOOP_ANALYSIS = YES;
				CLANG_WARN_STRICT_PROTOTYPES = YES;
				CLANG_WARN_SUSPICIOUS_MOVE = YES;
				CLANG_WARN_UNGUARDED_AVAILABILITY = YES_AGGRESSIVE;
				CLANG_WARN_UNREACHABLE_CODE = YES;
				CLANG_WARN__DUPLICATE_METHOD_MATCH = YES;
				CODE_SIGN_IDENTITY = "iPhone Developer";
				COPY_PHASE_STRIP = NO;
				DEBUG_INFORMATION_FORMAT = dwarf;
				ENABLE_STRICT_OBJC_MSGSEND = YES;
				ENABLE_TESTABILITY = YES;
				GCC_C_LANGUAGE_STANDARD = gnu11;
				GCC_DYNAMIC_NO_PIC = NO;
				GCC_NO_COMMON_BLOCKS = YES;
				GCC_OPTIMIZATION_LEVEL = 0;
				GCC_PREPROCESSOR_DEFINITIONS = (
					"DEBUG=1",
					"$(inherited)",
				);
				GCC_WARN_64_TO_32_BIT_CONVERSION = YES;
				GCC_WARN_ABOUT_RETURN_TYPE = YES_ERROR;
				GCC_WARN_UNDECLARED_SELECTOR = YES;
				GCC_WARN_UNINITIALIZED_AUTOS = YES_AGGRESSIVE;
				GCC_WARN_UNUSED_FUNCTION = YES;
				GCC_WARN_UNUSED_VARIABLE = YES;
				IPHONEOS_DEPLOYMENT_TARGET = 11.3;
				MTL_ENABLE_DEBUG_INFO = YES;
				ONLY_ACTIVE_ARCH = YES;
				SDKROOT = iphoneos;
				SWIFT_ACTIVE_COMPILATION_CONDITIONS = DEBUG;
				SWIFT_OPTIMIZATION_LEVEL = "-Onone";
			};
			name = Debug;
		};
		45D34A0920B7DCB700C36C18 /* Release */ = {
			isa = XCBuildConfiguration;
			buildSettings = {
				ALWAYS_SEARCH_USER_PATHS = NO;
				CLANG_ANALYZER_NONNULL = YES;
				CLANG_ANALYZER_NUMBER_OBJECT_CONVERSION = YES_AGGRESSIVE;
				CLANG_CXX_LANGUAGE_STANDARD = "gnu++14";
				CLANG_CXX_LIBRARY = "libc++";
				CLANG_ENABLE_MODULES = YES;
				CLANG_ENABLE_OBJC_ARC = YES;
				CLANG_ENABLE_OBJC_WEAK = YES;
				CLANG_WARN_BLOCK_CAPTURE_AUTORELEASING = YES;
				CLANG_WARN_BOOL_CONVERSION = YES;
				CLANG_WARN_COMMA = YES;
				CLANG_WARN_CONSTANT_CONVERSION = YES;
				CLANG_WARN_DEPRECATED_OBJC_IMPLEMENTATIONS = YES;
				CLANG_WARN_DIRECT_OBJC_ISA_USAGE = YES_ERROR;
				CLANG_WARN_DOCUMENTATION_COMMENTS = YES;
				CLANG_WARN_EMPTY_BODY = YES;
				CLANG_WARN_ENUM_CONVERSION = YES;
				CLANG_WARN_INFINITE_RECURSION = YES;
				CLANG_WARN_INT_CONVERSION = YES;
				CLANG_WARN_NON_LITERAL_NULL_CONVERSION = YES;
				CLANG_WARN_OBJC_IMPLICIT_RETAIN_SELF = YES;
				CLANG_WARN_OBJC_LITERAL_CONVERSION = YES;
				CLANG_WARN_OBJC_ROOT_CLASS = YES_ERROR;
				CLANG_WARN_RANGE_LOOP_ANALYSIS = YES;
				CLANG_WARN_STRICT_PROTOTYPES = YES;
				CLANG_WARN_SUSPICIOUS_MOVE = YES;
				CLANG_WARN_UNGUARDED_AVAILABILITY = YES_AGGRESSIVE;
				CLANG_WARN_UNREACHABLE_CODE = YES;
				CLANG_WARN__DUPLICATE_METHOD_MATCH = YES;
				CODE_SIGN_IDENTITY = "iPhone Developer";
				COPY_PHASE_STRIP = NO;
				DEBUG_INFORMATION_FORMAT = "dwarf-with-dsym";
				ENABLE_NS_ASSERTIONS = NO;
				ENABLE_STRICT_OBJC_MSGSEND = YES;
				GCC_C_LANGUAGE_STANDARD = gnu11;
				GCC_NO_COMMON_BLOCKS = YES;
				GCC_WARN_64_TO_32_BIT_CONVERSION = YES;
				GCC_WARN_ABOUT_RETURN_TYPE = YES_ERROR;
				GCC_WARN_UNDECLARED_SELECTOR = YES;
				GCC_WARN_UNINITIALIZED_AUTOS = YES_AGGRESSIVE;
				GCC_WARN_UNUSED_FUNCTION = YES;
				GCC_WARN_UNUSED_VARIABLE = YES;
				IPHONEOS_DEPLOYMENT_TARGET = 11.3;
				MTL_ENABLE_DEBUG_INFO = NO;
				SDKROOT = iphoneos;
				SWIFT_COMPILATION_MODE = wholemodule;
				SWIFT_OPTIMIZATION_LEVEL = "-O";
				VALIDATE_PRODUCT = YES;
			};
			name = Release;
		};
		45D34A0B20B7DCB700C36C18 /* Debug */ = {
			isa = XCBuildConfiguration;
			buildSettings = {
				ASSETCATALOG_COMPILER_APPICON_NAME = AppIcon;
				CODE_SIGN_STYLE = Automatic;
				INFOPLIST_FILE = DemoDrawer/Info.plist;
				LD_RUNPATH_SEARCH_PATHS = (
					"$(inherited)",
					"@executable_path/Frameworks",
				);
				PRODUCT_BUNDLE_IDENTIFIER = iExemplar.DemoDrawer;
				PRODUCT_NAME = "$(TARGET_NAME)";
				SWIFT_VERSION = 4.0;
				TARGETED_DEVICE_FAMILY = "1,2";
			};
			name = Debug;
		};
		45D34A0C20B7DCB700C36C18 /* Release */ = {
			isa = XCBuildConfiguration;
			buildSettings = {
				ASSETCATALOG_COMPILER_APPICON_NAME = AppIcon;
				CODE_SIGN_STYLE = Automatic;
				INFOPLIST_FILE = DemoDrawer/Info.plist;
				LD_RUNPATH_SEARCH_PATHS = (
					"$(inherited)",
					"@executable_path/Frameworks",
				);
				PRODUCT_BUNDLE_IDENTIFIER = iExemplar.DemoDrawer;
				PRODUCT_NAME = "$(TARGET_NAME)";
				SWIFT_VERSION = 4.0;
				TARGETED_DEVICE_FAMILY = "1,2";
			};
			name = Release;
		};
		45D34A0E20B7DCB700C36C18 /* Debug */ = {
			isa = XCBuildConfiguration;
			buildSettings = {
				ALWAYS_EMBED_SWIFT_STANDARD_LIBRARIES = YES;
				BUNDLE_LOADER = "$(TEST_HOST)";
				CODE_SIGN_STYLE = Automatic;
				INFOPLIST_FILE = DemoDrawerTests/Info.plist;
				LD_RUNPATH_SEARCH_PATHS = (
					"$(inherited)",
					"@executable_path/Frameworks",
					"@loader_path/Frameworks",
				);
				PRODUCT_BUNDLE_IDENTIFIER = iExemplar.DemoDrawerTests;
				PRODUCT_NAME = "$(TARGET_NAME)";
				SWIFT_VERSION = 4.0;
				TARGETED_DEVICE_FAMILY = "1,2";
				TEST_HOST = "$(BUILT_PRODUCTS_DIR)/DemoDrawer.app/DemoDrawer";
			};
			name = Debug;
		};
		45D34A0F20B7DCB700C36C18 /* Release */ = {
			isa = XCBuildConfiguration;
			buildSettings = {
				ALWAYS_EMBED_SWIFT_STANDARD_LIBRARIES = YES;
				BUNDLE_LOADER = "$(TEST_HOST)";
				CODE_SIGN_STYLE = Automatic;
				INFOPLIST_FILE = DemoDrawerTests/Info.plist;
				LD_RUNPATH_SEARCH_PATHS = (
					"$(inherited)",
					"@executable_path/Frameworks",
					"@loader_path/Frameworks",
				);
				PRODUCT_BUNDLE_IDENTIFIER = iExemplar.DemoDrawerTests;
				PRODUCT_NAME = "$(TARGET_NAME)";
				SWIFT_VERSION = 4.0;
				TARGETED_DEVICE_FAMILY = "1,2";
				TEST_HOST = "$(BUILT_PRODUCTS_DIR)/DemoDrawer.app/DemoDrawer";
			};
			name = Release;
		};
		45D34A1120B7DCB700C36C18 /* Debug */ = {
			isa = XCBuildConfiguration;
			buildSettings = {
				ALWAYS_EMBED_SWIFT_STANDARD_LIBRARIES = YES;
				CODE_SIGN_STYLE = Automatic;
				INFOPLIST_FILE = DemoDrawerUITests/Info.plist;
				LD_RUNPATH_SEARCH_PATHS = (
					"$(inherited)",
					"@executable_path/Frameworks",
					"@loader_path/Frameworks",
				);
				PRODUCT_BUNDLE_IDENTIFIER = iExemplar.DemoDrawerUITests;
				PRODUCT_NAME = "$(TARGET_NAME)";
				SWIFT_VERSION = 4.0;
				TARGETED_DEVICE_FAMILY = "1,2";
				TEST_TARGET_NAME = DemoDrawer;
			};
			name = Debug;
		};
		45D34A1220B7DCB700C36C18 /* Release */ = {
			isa = XCBuildConfiguration;
			buildSettings = {
				ALWAYS_EMBED_SWIFT_STANDARD_LIBRARIES = YES;
				CODE_SIGN_STYLE = Automatic;
				INFOPLIST_FILE = DemoDrawerUITests/Info.plist;
				LD_RUNPATH_SEARCH_PATHS = (
					"$(inherited)",
					"@executable_path/Frameworks",
					"@loader_path/Frameworks",
				);
				PRODUCT_BUNDLE_IDENTIFIER = iExemplar.DemoDrawerUITests;
				PRODUCT_NAME = "$(TARGET_NAME)";
				SWIFT_VERSION = 4.0;
				TARGETED_DEVICE_FAMILY = "1,2";
				TEST_TARGET_NAME = DemoDrawer;
			};
			name = Release;
		};
/* End XCBuildConfiguration section */

/* Begin XCConfigurationList section */
		45D349DD20B7DC7800C36C18 /* Build configuration list for PBXProject "DemoDrawer" */ = {
			isa = XCConfigurationList;
			buildConfigurations = (
				45D34A0820B7DCB700C36C18 /* Debug */,
				45D34A0920B7DCB700C36C18 /* Release */,
			);
			defaultConfigurationIsVisible = 0;
			defaultConfigurationName = Release;
		};
		45D34A0A20B7DCB700C36C18 /* Build configuration list for PBXNativeTarget "DemoDrawer" */ = {
			isa = XCConfigurationList;
			buildConfigurations = (
				45D34A0B20B7DCB700C36C18 /* Debug */,
				45D34A0C20B7DCB700C36C18 /* Release */,
			);
			defaultConfigurationIsVisible = 0;
			defaultConfigurationName = Release;
		};
		45D34A0D20B7DCB700C36C18 /* Build configuration list for PBXNativeTarget "DemoDrawerTests" */ = {
			isa = XCConfigurationList;
			buildConfigurations = (
				45D34A0E20B7DCB700C36C18 /* Debug */,
				45D34A0F20B7DCB700C36C18 /* Release */,
			);
			defaultConfigurationIsVisible = 0;
			defaultConfigurationName = Release;
		};
		45D34A1020B7DCB700C36C18 /* Build configuration list for PBXNativeTarget "DemoDrawerUITests" */ = {
			isa = XCConfigurationList;
			buildConfigurations = (
				45D34A1120B7DCB700C36C18 /* Debug */,
				45D34A1220B7DCB700C36C18 /* Release */,
			);
			defaultConfigurationIsVisible = 0;
			defaultConfigurationName = Release;
		};
/* End XCConfigurationList section */
	};
	rootObject = 45D349DA20B7DC7800C36C18 /* Project object */;
}
