// !$*UTF8*$!
{
	archiveVersion = 1;
	classes = {
	};
	objectVersion = 48;
	objects = {

/* Begin PBXBuildFile section */
		4510615B2068CB6300D22606 /* AppDelegate.swift in Sources */ = {isa = PBXBuildFile; fileRef = 4510615A2068CB6300D22606 /* AppDelegate.swift */; };
		4510615D2068CB6300D22606 /* ViewController.swift in Sources */ = {isa = PBXBuildFile; fileRef = 4510615C2068CB6300D22606 /* ViewController.swift */; };
		451061602068CB6300D22606 /* Main.storyboard in Resources */ = {isa = PBXBuildFile; fileRef = 4510615E2068CB6300D22606 /* Main.storyboard */; };
		451061632068CB6400D22606 /* DemoCoreData.xcdatamodeld in Sources */ = {isa = PBXBuildFile; fileRef = 451061612068CB6400D22606 /* DemoCoreData.xcdatamodeld */; };
		451061652068CB6400D22606 /* Assets.xcassets in Resources */ = {isa = PBXBuildFile; fileRef = 451061642068CB6400D22606 /* Assets.xcassets */; };
		451061682068CB6400D22606 /* LaunchScreen.storyboard in Resources */ = {isa = PBXBuildFile; fileRef = 451061662068CB6400D22606 /* LaunchScreen.storyboard */; };
		451061732068CB6400D22606 /* DemoCoreDataTests.swift in Sources */ = {isa = PBXBuildFile; fileRef = 451061722068CB6400D22606 /* DemoCoreDataTests.swift */; };
		4510617E2068CB6400D22606 /* DemoCoreDataUITests.swift in Sources */ = {isa = PBXBuildFile; fileRef = 4510617D2068CB6400D22606 /* DemoCoreDataUITests.swift */; };
/* End PBXBuildFile section */

/* Begin PBXContainerItemProxy section */
		4510616F2068CB6400D22606 /* PBXContainerItemProxy */ = {
			isa = PBXContainerItemProxy;
			containerPortal = 4510614F2068CB6300D22606 /* Project object */;
			proxyType = 1;
			remoteGlobalIDString = 451061562068CB6300D22606;
			remoteInfo = DemoCoreData;
		};
		4510617A2068CB6400D22606 /* PBXContainerItemProxy */ = {
			isa = PBXContainerItemProxy;
			containerPortal = 4510614F2068CB6300D22606 /* Project object */;
			proxyType = 1;
			remoteGlobalIDString = 451061562068CB6300D22606;
			remoteInfo = DemoCoreData;
		};
/* End PBXContainerItemProxy section */

/* Begin PBXFileReference section */
		451061572068CB6300D22606 /* DemoCoreData.app */ = {isa = PBXFileReference; explicitFileType = wrapper.application; includeInIndex = 0; path = DemoCoreData.app; sourceTree = BUILT_PRODUCTS_DIR; };
		4510615A2068CB6300D22606 /* AppDelegate.swift */ = {isa = PBXFileReference; lastKnownFileType = sourcecode.swift; path = AppDelegate.swift; sourceTree = "<group>"; };
		4510615C2068CB6300D22606 /* ViewController.swift */ = {isa = PBXFileReference; lastKnownFileType = sourcecode.swift; path = ViewController.swift; sourceTree = "<group>"; };
		4510615F2068CB6300D22606 /* Base */ = {isa = PBXFileReference; lastKnownFileType = file.storyboard; name = Base; path = Base.lproj/Main.storyboard; sourceTree = "<group>"; };
		451061622068CB6400D22606 /* DemoCoreData.xcdatamodel */ = {isa = PBXFileReference; lastKnownFileType = wrapper.xcdatamodel; path = DemoCoreData.xcdatamodel; sourceTree = "<group>"; };
		451061642068CB6400D22606 /* Assets.xcassets */ = {isa = PBXFileReference; lastKnownFileType = folder.assetcatalog; path = Assets.xcassets; sourceTree = "<group>"; };
		451061672068CB6400D22606 /* Base */ = {isa = PBXFileReference; lastKnownFileType = file.storyboard; name = Base; path = Base.lproj/LaunchScreen.storyboard; sourceTree = "<group>"; };
		451061692068CB6400D22606 /* Info.plist */ = {isa = PBXFileReference; lastKnownFileType = text.plist.xml; path = Info.plist; sourceTree = "<group>"; };
		4510616E2068CB6400D22606 /* DemoCoreDataTests.xctest */ = {isa = PBXFileReference; explicitFileType = wrapper.cfbundle; includeInIndex = 0; path = DemoCoreDataTests.xctest; sourceTree = BUILT_PRODUCTS_DIR; };
		451061722068CB6400D22606 /* DemoCoreDataTests.swift */ = {isa = PBXFileReference; lastKnownFileType = sourcecode.swift; path = DemoCoreDataTests.swift; sourceTree = "<group>"; };
		451061742068CB6400D22606 /* Info.plist */ = {isa = PBXFileReference; lastKnownFileType = text.plist.xml; path = Info.plist; sourceTree = "<group>"; };
		451061792068CB6400D22606 /* DemoCoreDataUITests.xctest */ = {isa = PBXFileReference; explicitFileType = wrapper.cfbundle; includeInIndex = 0; path = DemoCoreDataUITests.xctest; sourceTree = BUILT_PRODUCTS_DIR; };
		4510617D2068CB6400D22606 /* DemoCoreDataUITests.swift */ = {isa = PBXFileReference; lastKnownFileType = sourcecode.swift; path = DemoCoreDataUITests.swift; sourceTree = "<group>"; };
		4510617F2068CB6400D22606 /* Info.plist */ = {isa = PBXFileReference; lastKnownFileType = text.plist.xml; path = Info.plist; sourceTree = "<group>"; };
/* End PBXFileReference section */

/* Begin PBXFrameworksBuildPhase section */
		451061542068CB6300D22606 /* Frameworks */ = {
			isa = PBXFrameworksBuildPhase;
			buildActionMask = 2147483647;
			files = (
			);
			runOnlyForDeploymentPostprocessing = 0;
		};
		4510616B2068CB6400D22606 /* Frameworks */ = {
			isa = PBXFrameworksBuildPhase;
			buildActionMask = 2147483647;
			files = (
			);
			runOnlyForDeploymentPostprocessing = 0;
		};
		451061762068CB6400D22606 /* Frameworks */ = {
			isa = PBXFrameworksBuildPhase;
			buildActionMask = 2147483647;
			files = (
			);
			runOnlyForDeploymentPostprocessing = 0;
		};
/* End PBXFrameworksBuildPhase section */

/* Begin PBXGroup section */
		4510614E2068CB6300D22606 = {
			isa = PBXGroup;
			children = (
				451061592068CB6300D22606 /* DemoCoreData */,
				451061712068CB6400D22606 /* DemoCoreDataTests */,
				4510617C2068CB6400D22606 /* DemoCoreDataUITests */,
				451061582068CB6300D22606 /* Products */,
			);
			sourceTree = "<group>";
		};
		451061582068CB6300D22606 /* Products */ = {
			isa = PBXGroup;
			children = (
				451061572068CB6300D22606 /* DemoCoreData.app */,
				4510616E2068CB6400D22606 /* DemoCoreDataTests.xctest */,
				451061792068CB6400D22606 /* DemoCoreDataUITests.xctest */,
			);
			name = Products;
			sourceTree = "<group>";
		};
		451061592068CB6300D22606 /* DemoCoreData */ = {
			isa = PBXGroup;
			children = (
				4510615A2068CB6300D22606 /* AppDelegate.swift */,
				4510615C2068CB6300D22606 /* ViewController.swift */,
				4510615E2068CB6300D22606 /* Main.storyboard */,
				451061642068CB6400D22606 /* Assets.xcassets */,
				451061662068CB6400D22606 /* LaunchScreen.storyboard */,
				451061692068CB6400D22606 /* Info.plist */,
				451061612068CB6400D22606 /* DemoCoreData.xcdatamodeld */,
			);
			path = DemoCoreData;
			sourceTree = "<group>";
		};
		451061712068CB6400D22606 /* DemoCoreDataTests */ = {
			isa = PBXGroup;
			children = (
				451061722068CB6400D22606 /* DemoCoreDataTests.swift */,
				451061742068CB6400D22606 /* Info.plist */,
			);
			path = DemoCoreDataTests;
			sourceTree = "<group>";
		};
		4510617C2068CB6400D22606 /* DemoCoreDataUITests */ = {
			isa = PBXGroup;
			children = (
				4510617D2068CB6400D22606 /* DemoCoreDataUITests.swift */,
				4510617F2068CB6400D22606 /* Info.plist */,
			);
			path = DemoCoreDataUITests;
			sourceTree = "<group>";
		};
/* End PBXGroup section */

/* Begin PBXNativeTarget section */
		451061562068CB6300D22606 /* DemoCoreData */ = {
			isa = PBXNativeTarget;
			buildConfigurationList = 451061822068CB6400D22606 /* Build configuration list for PBXNativeTarget "DemoCoreData" */;
			buildPhases = (
				451061532068CB6300D22606 /* Sources */,
				451061542068CB6300D22606 /* Frameworks */,
				451061552068CB6300D22606 /* Resources */,
			);
			buildRules = (
			);
			dependencies = (
			);
			name = DemoCoreData;
			productName = DemoCoreData;
			productReference = 451061572068CB6300D22606 /* DemoCoreData.app */;
			productType = "com.apple.product-type.application";
		};
		4510616D2068CB6400D22606 /* DemoCoreDataTests */ = {
			isa = PBXNativeTarget;
			buildConfigurationList = 451061852068CB6400D22606 /* Build configuration list for PBXNativeTarget "DemoCoreDataTests" */;
			buildPhases = (
				4510616A2068CB6400D22606 /* Sources */,
				4510616B2068CB6400D22606 /* Frameworks */,
				4510616C2068CB6400D22606 /* Resources */,
			);
			buildRules = (
			);
			dependencies = (
				451061702068CB6400D22606 /* PBXTargetDependency */,
			);
			name = DemoCoreDataTests;
			productName = DemoCoreDataTests;
			productReference = 4510616E2068CB6400D22606 /* DemoCoreDataTests.xctest */;
			productType = "com.apple.product-type.bundle.unit-test";
		};
		451061782068CB6400D22606 /* DemoCoreDataUITests */ = {
			isa = PBXNativeTarget;
			buildConfigurationList = 451061882068CB6400D22606 /* Build configuration list for PBXNativeTarget "DemoCoreDataUITests" */;
			buildPhases = (
				451061752068CB6400D22606 /* Sources */,
				451061762068CB6400D22606 /* Frameworks */,
				451061772068CB6400D22606 /* Resources */,
			);
			buildRules = (
			);
			dependencies = (
				4510617B2068CB6400D22606 /* PBXTargetDependency */,
			);
			name = DemoCoreDataUITests;
			productName = DemoCoreDataUITests;
			productReference = 451061792068CB6400D22606 /* DemoCoreDataUITests.xctest */;
			productType = "com.apple.product-type.bundle.ui-testing";
		};
/* End PBXNativeTarget section */

/* Begin PBXProject section */
		4510614F2068CB6300D22606 /* Project object */ = {
			isa = PBXProject;
			attributes = {
				LastSwiftUpdateCheck = 0920;
				LastUpgradeCheck = 0920;
				ORGANIZATIONNAME = iExemplar;
				TargetAttributes = {
					451061562068CB6300D22606 = {
						CreatedOnToolsVersion = 9.2;
						ProvisioningStyle = Automatic;
					};
					4510616D2068CB6400D22606 = {
						CreatedOnToolsVersion = 9.2;
						ProvisioningStyle = Automatic;
						TestTargetID = 451061562068CB6300D22606;
					};
					451061782068CB6400D22606 = {
						CreatedOnToolsVersion = 9.2;
						ProvisioningStyle = Automatic;
						TestTargetID = 451061562068CB6300D22606;
					};
				};
			};
			buildConfigurationList = 451061522068CB6300D22606 /* Build configuration list for PBXProject "DemoCoreData" */;
			compatibilityVersion = "Xcode 8.0";
			developmentRegion = en;
			hasScannedForEncodings = 0;
			knownRegions = (
				en,
				Base,
			);
			mainGroup = 4510614E2068CB6300D22606;
			productRefGroup = 451061582068CB6300D22606 /* Products */;
			projectDirPath = "";
			projectRoot = "";
			targets = (
				451061562068CB6300D22606 /* DemoCoreData */,
				4510616D2068CB6400D22606 /* DemoCoreDataTests */,
				451061782068CB6400D22606 /* DemoCoreDataUITests */,
			);
		};
/* End PBXProject section */

/* Begin PBXResourcesBuildPhase section */
		451061552068CB6300D22606 /* Resources */ = {
			isa = PBXResourcesBuildPhase;
			buildActionMask = 2147483647;
			files = (
				451061682068CB6400D22606 /* LaunchScreen.storyboard in Resources */,
				451061652068CB6400D22606 /* Assets.xcassets in Resources */,
				451061602068CB6300D22606 /* Main.storyboard in Resources */,
			);
			runOnlyForDeploymentPostprocessing = 0;
		};
		4510616C2068CB6400D22606 /* Resources */ = {
			isa = PBXResourcesBuildPhase;
			buildActionMask = 2147483647;
			files = (
			);
			runOnlyForDeploymentPostprocessing = 0;
		};
		451061772068CB6400D22606 /* Resources */ = {
			isa = PBXResourcesBuildPhase;
			buildActionMask = 2147483647;
			files = (
			);
			runOnlyForDeploymentPostprocessing = 0;
		};
/* End PBXResourcesBuildPhase section */

/* Begin PBXSourcesBuildPhase section */
		451061532068CB6300D22606 /* Sources */ = {
			isa = PBXSourcesBuildPhase;
			buildActionMask = 2147483647;
			files = (
				4510615D2068CB6300D22606 /* ViewController.swift in Sources */,
				451061632068CB6400D22606 /* DemoCoreData.xcdatamodeld in Sources */,
				4510615B2068CB6300D22606 /* AppDelegate.swift in Sources */,
			);
			runOnlyForDeploymentPostprocessing = 0;
		};
		4510616A2068CB6400D22606 /* Sources */ = {
			isa = PBXSourcesBuildPhase;
			buildActionMask = 2147483647;
			files = (
				451061732068CB6400D22606 /* DemoCoreDataTests.swift in Sources */,
			);
			runOnlyForDeploymentPostprocessing = 0;
		};
		451061752068CB6400D22606 /* Sources */ = {
			isa = PBXSourcesBuildPhase;
			buildActionMask = 2147483647;
			files = (
				4510617E2068CB6400D22606 /* DemoCoreDataUITests.swift in Sources */,
			);
			runOnlyForDeploymentPostprocessing = 0;
		};
/* End PBXSourcesBuildPhase section */

/* Begin PBXTargetDependency section */
		451061702068CB6400D22606 /* PBXTargetDependency */ = {
			isa = PBXTargetDependency;
			target = 451061562068CB6300D22606 /* DemoCoreData */;
			targetProxy = 4510616F2068CB6400D22606 /* PBXContainerItemProxy */;
		};
		4510617B2068CB6400D22606 /* PBXTargetDependency */ = {
			isa = PBXTargetDependency;
			target = 451061562068CB6300D22606 /* DemoCoreData */;
			targetProxy = 4510617A2068CB6400D22606 /* PBXContainerItemProxy */;
		};
/* End PBXTargetDependency section */

/* Begin PBXVariantGroup section */
		4510615E2068CB6300D22606 /* Main.storyboard */ = {
			isa = PBXVariantGroup;
			children = (
				4510615F2068CB6300D22606 /* Base */,
			);
			name = Main.storyboard;
			sourceTree = "<group>";
		};
		451061662068CB6400D22606 /* LaunchScreen.storyboard */ = {
			isa = PBXVariantGroup;
			children = (
				451061672068CB6400D22606 /* Base */,
			);
			name = LaunchScreen.storyboard;
			sourceTree = "<group>";
		};
/* End PBXVariantGroup section */

/* Begin XCBuildConfiguration section */
		451061802068CB6400D22606 /* Debug */ = {
			isa = XCBuildConfiguration;
			buildSettings = {
				ALWAYS_SEARCH_USER_PATHS = NO;
				CLANG_ANALYZER_NONNULL = YES;
				CLANG_ANALYZER_NUMBER_OBJECT_CONVERSION = YES_AGGRESSIVE;
				CLANG_CXX_LANGUAGE_STANDARD = "gnu++14";
				CLANG_CXX_LIBRARY = "libc++";
				CLANG_ENABLE_MODULES = YES;
				CLANG_ENABLE_OBJC_ARC = YES;
				CLANG_WARN_BLOCK_CAPTURE_AUTORELEASING = YES;
				CLANG_WARN_BOOL_CONVERSION = YES;
				CLANG_WARN_COMMA = YES;
				CLANG_WARN_CONSTANT_CONVERSION = YES;
				CLANG_WARN_DIRECT_OBJC_ISA_USAGE = YES_ERROR;
				CLANG_WARN_DOCUMENTATION_COMMENTS = YES;
				CLANG_WARN_EMPTY_BODY = YES;
				CLANG_WARN_ENUM_CONVERSION = YES;
				CLANG_WARN_INFINITE_RECURSION = YES;
				CLANG_WARN_INT_CONVERSION = YES;
				CLANG_WARN_NON_LITERAL_NULL_CONVERSION = YES;
				CLANG_WARN_OBJC_LITERAL_CONVERSION = YES;
				CLANG_WARN_OBJC_ROOT_CLASS = YES_ERROR;
				CLANG_WARN_RANGE_LOOP_ANALYSIS = YES;
				CLANG_WARN_STRICT_PROTOTYPES = YES;
				CLANG_WARN_SUSPICIOUS_MOVE = YES;
				CLANG_WARN_UNGUARDED_AVAILABILITY = YES_AGGRESSIVE;
				CLANG_WARN_UNREACHABLE_CODE = YES;
				CLANG_WARN__DUPLICATE_METHOD_MATCH = YES;
				CODE_SIGN_IDENTITY = "iPhone Developer";
				COPY_PHASE_STRIP = NO;
				DEBUG_INFORMATION_FORMAT = dwarf;
				ENABLE_STRICT_OBJC_MSGSEND = YES;
				ENABLE_TESTABILITY = YES;
				GCC_C_LANGUAGE_STANDARD = gnu11;
				GCC_DYNAMIC_NO_PIC = NO;
				GCC_NO_COMMON_BLOCKS = YES;
				GCC_OPTIMIZATION_LEVEL = 0;
				GCC_PREPROCESSOR_DEFINITIONS = (
					"DEBUG=1",
					"$(inherited)",
				);
				GCC_WARN_64_TO_32_BIT_CONVERSION = YES;
				GCC_WARN_ABOUT_RETURN_TYPE = YES_ERROR;
				GCC_WARN_UNDECLARED_SELECTOR = YES;
				GCC_WARN_UNINITIALIZED_AUTOS = YES_AGGRESSIVE;
				GCC_WARN_UNUSED_FUNCTION = YES;
				GCC_WARN_UNUSED_VARIABLE = YES;
				IPHONEOS_DEPLOYMENT_TARGET = 11.2;
				MTL_ENABLE_DEBUG_INFO = YES;
				ONLY_ACTIVE_ARCH = YES;
				SDKROOT = iphoneos;
				SWIFT_ACTIVE_COMPILATION_CONDITIONS = DEBUG;
				SWIFT_OPTIMIZATION_LEVEL = "-Onone";
			};
			name = Debug;
		};
		451061812068CB6400D22606 /* Release */ = {
			isa = XCBuildConfiguration;
			buildSettings = {
				ALWAYS_SEARCH_USER_PATHS = NO;
				CLANG_ANALYZER_NONNULL = YES;
				CLANG_ANALYZER_NUMBER_OBJECT_CONVERSION = YES_AGGRESSIVE;
				CLANG_CXX_LANGUAGE_STANDARD = "gnu++14";
				CLANG_CXX_LIBRARY = "libc++";
				CLANG_ENABLE_MODULES = YES;
				CLANG_ENABLE_OBJC_ARC = YES;
				CLANG_WARN_BLOCK_CAPTURE_AUTORELEASING = YES;
				CLANG_WARN_BOOL_CONVERSION = YES;
				CLANG_WARN_COMMA = YES;
				CLANG_WARN_CONSTANT_CONVERSION = YES;
				CLANG_WARN_DIRECT_OBJC_ISA_USAGE = YES_ERROR;
				CLANG_WARN_DOCUMENTATION_COMMENTS = YES;
				CLANG_WARN_EMPTY_BODY = YES;
				CLANG_WARN_ENUM_CONVERSION = YES;
				CLANG_WARN_INFINITE_RECURSION = YES;
				CLANG_WARN_INT_CONVERSION = YES;
				CLANG_WARN_NON_LITERAL_NULL_CONVERSION = YES;
				CLANG_WARN_OBJC_LITERAL_CONVERSION = YES;
				CLANG_WARN_OBJC_ROOT_CLASS = YES_ERROR;
				CLANG_WARN_RANGE_LOOP_ANALYSIS = YES;
				CLANG_WARN_STRICT_PROTOTYPES = YES;
				CLANG_WARN_SUSPICIOUS_MOVE = YES;
				CLANG_WARN_UNGUARDED_AVAILABILITY = YES_AGGRESSIVE;
				CLANG_WARN_UNREACHABLE_CODE = YES;
				CLANG_WARN__DUPLICATE_METHOD_MATCH = YES;
				CODE_SIGN_IDENTITY = "iPhone Developer";
				COPY_PHASE_STRIP = NO;
				DEBUG_INFORMATION_FORMAT = "dwarf-with-dsym";
				ENABLE_NS_ASSERTIONS = NO;
				ENABLE_STRICT_OBJC_MSGSEND = YES;
				GCC_C_LANGUAGE_STANDARD = gnu11;
				GCC_NO_COMMON_BLOCKS = YES;
				GCC_WARN_64_TO_32_BIT_CONVERSION = YES;
				GCC_WARN_ABOUT_RETURN_TYPE = YES_ERROR;
				GCC_WARN_UNDECLARED_SELECTOR = YES;
				GCC_WARN_UNINITIALIZED_AUTOS = YES_AGGRESSIVE;
				GCC_WARN_UNUSED_FUNCTION = YES;
				GCC_WARN_UNUSED_VARIABLE = YES;
				IPHONEOS_DEPLOYMENT_TARGET = 11.2;
				MTL_ENABLE_DEBUG_INFO = NO;
				SDKROOT = iphoneos;
				SWIFT_OPTIMIZATION_LEVEL = "-Owholemodule";
				VALIDATE_PRODUCT = YES;
			};
			name = Release;
		};
		451061832068CB6400D22606 /* Debug */ = {
			isa = XCBuildConfiguration;
			buildSettings = {
				ASSETCATALOG_COMPILER_APPICON_NAME = AppIcon;
				CODE_SIGN_STYLE = Automatic;
				INFOPLIST_FILE = DemoCoreData/Info.plist;
				LD_RUNPATH_SEARCH_PATHS = "$(inherited) @executable_path/Frameworks";
				PRODUCT_BUNDLE_IDENTIFIER = iExemplar.DemoCoreData;
				PRODUCT_NAME = "$(TARGET_NAME)";
				SWIFT_VERSION = 4.0;
				TARGETED_DEVICE_FAMILY = "1,2";
			};
			name = Debug;
		};
		451061842068CB6400D22606 /* Release */ = {
			isa = XCBuildConfiguration;
			buildSettings = {
				ASSETCATALOG_COMPILER_APPICON_NAME = AppIcon;
				CODE_SIGN_STYLE = Automatic;
				INFOPLIST_FILE = DemoCoreData/Info.plist;
				LD_RUNPATH_SEARCH_PATHS = "$(inherited) @executable_path/Frameworks";
				PRODUCT_BUNDLE_IDENTIFIER = iExemplar.DemoCoreData;
				PRODUCT_NAME = "$(TARGET_NAME)";
				SWIFT_VERSION = 4.0;
				TARGETED_DEVICE_FAMILY = "1,2";
			};
			name = Release;
		};
		451061862068CB6400D22606 /* Debug */ = {
			isa = XCBuildConfiguration;
			buildSettings = {
				ALWAYS_EMBED_SWIFT_STANDARD_LIBRARIES = YES;
				BUNDLE_LOADER = "$(TEST_HOST)";
				CODE_SIGN_STYLE = Automatic;
				INFOPLIST_FILE = DemoCoreDataTests/Info.plist;
				LD_RUNPATH_SEARCH_PATHS = "$(inherited) @executable_path/Frameworks @loader_path/Frameworks";
				PRODUCT_BUNDLE_IDENTIFIER = iExemplar.DemoCoreDataTests;
				PRODUCT_NAME = "$(TARGET_NAME)";
				SWIFT_VERSION = 4.0;
				TARGETED_DEVICE_FAMILY = "1,2";
				TEST_HOST = "$(BUILT_PRODUCTS_DIR)/DemoCoreData.app/DemoCoreData";
			};
			name = Debug;
		};
		451061872068CB6400D22606 /* Release */ = {
			isa = XCBuildConfiguration;
			buildSettings = {
				ALWAYS_EMBED_SWIFT_STANDARD_LIBRARIES = YES;
				BUNDLE_LOADER = "$(TEST_HOST)";
				CODE_SIGN_STYLE = Automatic;
				INFOPLIST_FILE = DemoCoreDataTests/Info.plist;
				LD_RUNPATH_SEARCH_PATHS = "$(inherited) @executable_path/Frameworks @loader_path/Frameworks";
				PRODUCT_BUNDLE_IDENTIFIER = iExemplar.DemoCoreDataTests;
				PRODUCT_NAME = "$(TARGET_NAME)";
				SWIFT_VERSION = 4.0;
				TARGETED_DEVICE_FAMILY = "1,2";
				TEST_HOST = "$(BUILT_PRODUCTS_DIR)/DemoCoreData.app/DemoCoreData";
			};
			name = Release;
		};
		451061892068CB6400D22606 /* Debug */ = {
			isa = XCBuildConfiguration;
			buildSettings = {
				ALWAYS_EMBED_SWIFT_STANDARD_LIBRARIES = YES;
				CODE_SIGN_STYLE = Automatic;
				INFOPLIST_FILE = DemoCoreDataUITests/Info.plist;
				LD_RUNPATH_SEARCH_PATHS = "$(inherited) @executable_path/Frameworks @loader_path/Frameworks";
				PRODUCT_BUNDLE_IDENTIFIER = iExemplar.DemoCoreDataUITests;
				PRODUCT_NAME = "$(TARGET_NAME)";
				SWIFT_VERSION = 4.0;
				TARGETED_DEVICE_FAMILY = "1,2";
				TEST_TARGET_NAME = DemoCoreData;
			};
			name = Debug;
		};
		4510618A2068CB6400D22606 /* Release */ = {
			isa = XCBuildConfiguration;
			buildSettings = {
				ALWAYS_EMBED_SWIFT_STANDARD_LIBRARIES = YES;
				CODE_SIGN_STYLE = Automatic;
				INFOPLIST_FILE = DemoCoreDataUITests/Info.plist;
				LD_RUNPATH_SEARCH_PATHS = "$(inherited) @executable_path/Frameworks @loader_path/Frameworks";
				PRODUCT_BUNDLE_IDENTIFIER = iExemplar.DemoCoreDataUITests;
				PRODUCT_NAME = "$(TARGET_NAME)";
				SWIFT_VERSION = 4.0;
				TARGETED_DEVICE_FAMILY = "1,2";
				TEST_TARGET_NAME = DemoCoreData;
			};
			name = Release;
		};
/* End XCBuildConfiguration section */

/* Begin XCConfigurationList section */
		451061522068CB6300D22606 /* Build configuration list for PBXProject "DemoCoreData" */ = {
			isa = XCConfigurationList;
			buildConfigurations = (
				451061802068CB6400D22606 /* Debug */,
				451061812068CB6400D22606 /* Release */,
			);
			defaultConfigurationIsVisible = 0;
			defaultConfigurationName = Release;
		};
		451061822068CB6400D22606 /* Build configuration list for PBXNativeTarget "DemoCoreData" */ = {
			isa = XCConfigurationList;
			buildConfigurations = (
				451061832068CB6400D22606 /* Debug */,
				451061842068CB6400D22606 /* Release */,
			);
			defaultConfigurationIsVisible = 0;
			defaultConfigurationName = Release;
		};
		451061852068CB6400D22606 /* Build configuration list for PBXNativeTarget "DemoCoreDataTests" */ = {
			isa = XCConfigurationList;
			buildConfigurations = (
				451061862068CB6400D22606 /* Debug */,
				451061872068CB6400D22606 /* Release */,
			);
			defaultConfigurationIsVisible = 0;
			defaultConfigurationName = Release;
		};
		451061882068CB6400D22606 /* Build configuration list for PBXNativeTarget "DemoCoreDataUITests" */ = {
			isa = XCConfigurationList;
			buildConfigurations = (
				451061892068CB6400D22606 /* Debug */,
				4510618A2068CB6400D22606 /* Release */,
			);
			defaultConfigurationIsVisible = 0;
			defaultConfigurationName = Release;
		};
/* End XCConfigurationList section */

/* Begin XCVersionGroup section */
		451061612068CB6400D22606 /* DemoCoreData.xcdatamodeld */ = {
			isa = XCVersionGroup;
			children = (
				451061622068CB6400D22606 /* DemoCoreData.xcdatamodel */,
			);
			currentVersion = 451061622068CB6400D22606 /* DemoCoreData.xcdatamodel */;
			path = DemoCoreData.xcdatamodeld;
			sourceTree = "<group>";
			versionGroupType = wrapper.xcdatamodel;
		};
/* End XCVersionGroup section */
	};
	rootObject = 4510614F2068CB6300D22606 /* Project object */;
}
